
Microsoft Visual Studio Solution File, Format Version 12.00
# Visual Studio 2012
Project("{FAE04EC0-301F-11D3-BF4B-00C04F79EFBC}") = "RestaurantManager", "RestaurantManager.csproj", "{5DC18CD8-FF65-43DD-8CBD-A6DABB32BF01}"
EndProject
Project("{FAE04EC0-301F-11D3-BF4B-00C04F79EFBC}") = "ConsoleApplication1", "..\ConsoleApplication1\ConsoleApplication1.csproj", "{ACCAA9D4-677D-4B6D-8FE4-8482FCCB6B3C}"
EndProject
Global
	GlobalSection(SolutionConfigurationPlatforms) = preSolution
		Debug|Any CPU = Debug|Any CPU
		Release|Any CPU = Release|Any CPU
	EndGlobalSection
	GlobalSection(ProjectConfigurationPlatforms) = postSolution
		{5DC18CD8-FF65-43DD-8CBD-A6DABB32BF01}.Debug|Any CPU.ActiveCfg = Debug|Any CPU
		{5DC18CD8-FF65-43DD-8CBD-A6DABB32BF01}.Debug|Any CPU.Build.0 = Debug|Any CPU
		{5DC18CD8-FF65-43DD-8CBD-A6DABB32BF01}.Release|Any CPU.ActiveCfg = Release|Any CPU
		{5DC18CD8-FF65-43DD-8CBD-A6DABB32BF01}.Release|Any CPU.Build.0 = Release|Any CPU
		{ACCAA9D4-677D-4B6D-8FE4-8482FCCB6B3C}.Debug|Any CPU.ActiveCfg = Debug|Any CPU
		{ACCAA9D4-677D-4B6D-8FE4-8482FCCB6B3C}.Debug|Any CPU.Build.0 = Debug|Any CPU
		{ACCAA9D4-677D-4B6D-8FE4-8482FCCB6B3C}.Release|Any CPU.ActiveCfg = Release|Any CPU
		{ACCAA9D4-677D-4B6D-8FE4-8482FCCB6B3C}.Release|Any CPU.Build.0 = Release|Any CPU
	EndGlobalSection
	GlobalSection(SolutionProperties) = preSolution
		HideSolutionNode = FALSE
	EndGlobalSection
EndGlobal
